
Microsoft Visual Studio Solution File, Format Version 12.00
# Visual Studio 14
VisualStudioVersion = 14.0.23107.0
MinimumVisualStudioVersion = 10.0.40219.1
Project("{FAE04EC0-301F-11D3-BF4B-00C04F79EFBC}") = "MeetGenerator.Tests", "MeetGenerator.Tests\MeetGenerator.Tests.csproj", "{C0D3912B-43A8-4C71-8028-FCCB3E2E130F}"
EndProject
Project("{FAE04EC0-301F-11D3-BF4B-00C04F79EFBC}") = "MeetGenerator.Model", "MeetGenerator.Model\MeetGenerator.Model.csproj", "{0F39C134-798F-459A-B0E0-80780F07EB2A}"
EndProject
Project("{FAE04EC0-301F-11D3-BF4B-00C04F79EFBC}") = "MeetGenerator.Repository.SQL", "MeetGenerator.Repository.SQL\MeetGenerator.Repository.SQL.csproj", "{EC3E8DD9-1228-4F64-ACFC-A47BBAB58630}"
EndProject
Project("{FAE04EC0-301F-11D3-BF4B-00C04F79EFBC}") = "MeetGenerator.API", "MeetGenerator.API\MeetGenerator.API.csproj", "{C39F938E-E857-4565-A82A-708C00F0821D}"
EndProject
Project("{2150E333-8FDC-42A3-9474-1A3956D46DE8}") = "Back", "Back", "{B6A280EE-6E51-4098-8155-12EB65760122}"
EndProject
Project("{2150E333-8FDC-42A3-9474-1A3956D46DE8}") = "Front", "Front", "{58F6D308-8E2C-44F4-89CC-1999134C4E1E}"
EndProject
Project("{FAE04EC0-301F-11D3-BF4B-00C04F79EFBC}") = "WebApiClientLibrary", "WebApiClientLibrary\WebApiClientLibrary.csproj", "{3A1E87F3-BF9B-41ED-9C44-1916741A68E1}"
EndProject
Project("{2150E333-8FDC-42A3-9474-1A3956D46DE8}") = "WPF", "WPF", "{A68B2A6F-2332-42F1-8CA0-4DE3C6E9A3A9}"
EndProject
Project("{FAE04EC0-301F-11D3-BF4B-00C04F79EFBC}") = "MeetGenWPFClient", "MeetGenWPFClient\MeetGenWPFClient.csproj", "{AB2AA77D-D394-4244-A2DA-61E015AAFF89}"
EndProject
Project("{2150E333-8FDC-42A3-9474-1A3956D46DE8}") = "Angular", "Angular", "{AF54F402-3C9B-4A5B-B3BD-5BCAB6CCB7F5}"
EndProject
Project("{FAE04EC0-301F-11D3-BF4B-00C04F79EFBC}") = "AngularJS", "AngularJS\AngularJS.csproj", "{E4156422-2684-4222-95C2-4B9AE4CBA7E3}"
EndProject
Project("{FAE04EC0-301F-11D3-BF4B-00C04F79EFBC}") = "MyAngularJSApp", "MyAngularJSApp\MyAngularJSApp.csproj", "{76CB59C9-1A37-4FC3-BA21-4400D33AFCDB}"
EndProject
Global
	GlobalSection(SolutionConfigurationPlatforms) = preSolution
		Debug|Any CPU = Debug|Any CPU
		Release|Any CPU = Release|Any CPU
	EndGlobalSection
	GlobalSection(ProjectConfigurationPlatforms) = postSolution
		{C0D3912B-43A8-4C71-8028-FCCB3E2E130F}.Debug|Any CPU.ActiveCfg = Debug|Any CPU
		{C0D3912B-43A8-4C71-8028-FCCB3E2E130F}.Debug|Any CPU.Build.0 = Debug|Any CPU
		{C0D3912B-43A8-4C71-8028-FCCB3E2E130F}.Release|Any CPU.ActiveCfg = Release|Any CPU
		{C0D3912B-43A8-4C71-8028-FCCB3E2E130F}.Release|Any CPU.Build.0 = Release|Any CPU
		{0F39C134-798F-459A-B0E0-80780F07EB2A}.Debug|Any CPU.ActiveCfg = Debug|Any CPU
		{0F39C134-798F-459A-B0E0-80780F07EB2A}.Debug|Any CPU.Build.0 = Debug|Any CPU
		{0F39C134-798F-459A-B0E0-80780F07EB2A}.Release|Any CPU.ActiveCfg = Release|Any CPU
		{0F39C134-798F-459A-B0E0-80780F07EB2A}.Release|Any CPU.Build.0 = Release|Any CPU
		{EC3E8DD9-1228-4F64-ACFC-A47BBAB58630}.Debug|Any CPU.ActiveCfg = Debug|Any CPU
		{EC3E8DD9-1228-4F64-ACFC-A47BBAB58630}.Debug|Any CPU.Build.0 = Debug|Any CPU
		{EC3E8DD9-1228-4F64-ACFC-A47BBAB58630}.Release|Any CPU.ActiveCfg = Release|Any CPU
		{EC3E8DD9-1228-4F64-ACFC-A47BBAB58630}.Release|Any CPU.Build.0 = Release|Any CPU
		{C39F938E-E857-4565-A82A-708C00F0821D}.Debug|Any CPU.ActiveCfg = Debug|Any CPU
		{C39F938E-E857-4565-A82A-708C00F0821D}.Debug|Any CPU.Build.0 = Debug|Any CPU
		{C39F938E-E857-4565-A82A-708C00F0821D}.Release|Any CPU.ActiveCfg = Release|Any CPU
		{C39F938E-E857-4565-A82A-708C00F0821D}.Release|Any CPU.Build.0 = Release|Any CPU
		{3A1E87F3-BF9B-41ED-9C44-1916741A68E1}.Debug|Any CPU.ActiveCfg = Debug|Any CPU
		{3A1E87F3-BF9B-41ED-9C44-1916741A68E1}.Debug|Any CPU.Build.0 = Debug|Any CPU
		{3A1E87F3-BF9B-41ED-9C44-1916741A68E1}.Release|Any CPU.ActiveCfg = Release|Any CPU
		{3A1E87F3-BF9B-41ED-9C44-1916741A68E1}.Release|Any CPU.Build.0 = Release|Any CPU
		{AB2AA77D-D394-4244-A2DA-61E015AAFF89}.Debug|Any CPU.ActiveCfg = Debug|Any CPU
		{AB2AA77D-D394-4244-A2DA-61E015AAFF89}.Debug|Any CPU.Build.0 = Debug|Any CPU
		{AB2AA77D-D394-4244-A2DA-61E015AAFF89}.Release|Any CPU.ActiveCfg = Release|Any CPU
		{AB2AA77D-D394-4244-A2DA-61E015AAFF89}.Release|Any CPU.Build.0 = Release|Any CPU
		{E4156422-2684-4222-95C2-4B9AE4CBA7E3}.Debug|Any CPU.ActiveCfg = Debug|Any CPU
		{E4156422-2684-4222-95C2-4B9AE4CBA7E3}.Debug|Any CPU.Build.0 = Debug|Any CPU
		{E4156422-2684-4222-95C2-4B9AE4CBA7E3}.Release|Any CPU.ActiveCfg = Release|Any CPU
		{E4156422-2684-4222-95C2-4B9AE4CBA7E3}.Release|Any CPU.Build.0 = Release|Any CPU
		{76CB59C9-1A37-4FC3-BA21-4400D33AFCDB}.Debug|Any CPU.ActiveCfg = Debug|Any CPU
		{76CB59C9-1A37-4FC3-BA21-4400D33AFCDB}.Debug|Any CPU.Build.0 = Debug|Any CPU
		{76CB59C9-1A37-4FC3-BA21-4400D33AFCDB}.Release|Any CPU.ActiveCfg = Release|Any CPU
		{76CB59C9-1A37-4FC3-BA21-4400D33AFCDB}.Release|Any CPU.Build.0 = Release|Any CPU
	EndGlobalSection
	GlobalSection(SolutionProperties) = preSolution
		HideSolutionNode = FALSE
	EndGlobalSection
	GlobalSection(NestedProjects) = preSolution
		{C0D3912B-43A8-4C71-8028-FCCB3E2E130F} = {B6A280EE-6E51-4098-8155-12EB65760122}
		{0F39C134-798F-459A-B0E0-80780F07EB2A} = {B6A280EE-6E51-4098-8155-12EB65760122}
		{EC3E8DD9-1228-4F64-ACFC-A47BBAB58630} = {B6A280EE-6E51-4098-8155-12EB65760122}
		{C39F938E-E857-4565-A82A-708C00F0821D} = {B6A280EE-6E51-4098-8155-12EB65760122}
		{3A1E87F3-BF9B-41ED-9C44-1916741A68E1} = {58F6D308-8E2C-44F4-89CC-1999134C4E1E}
		{A68B2A6F-2332-42F1-8CA0-4DE3C6E9A3A9} = {58F6D308-8E2C-44F4-89CC-1999134C4E1E}
		{AB2AA77D-D394-4244-A2DA-61E015AAFF89} = {A68B2A6F-2332-42F1-8CA0-4DE3C6E9A3A9}
		{AF54F402-3C9B-4A5B-B3BD-5BCAB6CCB7F5} = {58F6D308-8E2C-44F4-89CC-1999134C4E1E}
		{E4156422-2684-4222-95C2-4B9AE4CBA7E3} = {AF54F402-3C9B-4A5B-B3BD-5BCAB6CCB7F5}
		{76CB59C9-1A37-4FC3-BA21-4400D33AFCDB} = {AF54F402-3C9B-4A5B-B3BD-5BCAB6CCB7F5}
	EndGlobalSection
EndGlobal
